{
  "name": "QuickBOSSDecrypt",
  "lockfileVersion": 3,
  "requires": true,
  "packages": {
    "": {
      "name": "QuickBOSSDecrypt",
      "dependencies": {
        "@pretendonetwork/boss-crypto": "^1.2.2"
      },
      "bin": {
        "execute": "QuickBOSSDecrypt.js"
      }
    },
    "node_modules/@pretendonetwork/boss-crypto": {
      "version": "1.2.2",
      "resolved": "https://registry.npmjs.org/@pretendonetwork/boss-crypto/-/boss-crypto-1.2.2.tgz",
      "integrity": "sha512-sGlMiXGIThWfbs85xdWuJdgmW6YV6aQ8znh3vWWwG08BwpzzqgflluFYKhy6P0rpiMUJQuDAWK1IcVIsjD1lhw==",
      "license": "LGPL-3.0-only"
    }
  }
}
